<?xml version="1.0" encoding="utf-8"?>
<Project ToolsVersion="4.0" xmlns="http://schemas.microsoft.com/developer/msbuild/2003">
  <ItemGroup>
    <Filter Include="Saur">
      <UniqueIdentifier>{203F8C7C-0C76-8D0D-B562-7310A178090F}</UniqueIdentifier>
    </Filter>
    <Filter Include="Saur\Events">
      <UniqueIdentifier>{04A71FEE-705C-98E3-F950-92BA65058FE7}</UniqueIdentifier>
    </Filter>
  </ItemGroup>
  <ItemGroup>
    <ClInclude Include="src\Saur.h" />
    <ClInclude Include="src\Saur\Application.h">
      <Filter>Saur</Filter>
    </ClInclude>
    <ClInclude Include="src\Saur\Core.h">
      <Filter>Saur</Filter>
    </ClInclude>
    <ClInclude Include="src\Saur\EntryPoint.h">
      <Filter>Saur</Filter>
    </ClInclude>
    <ClInclude Include="src\Saur\Events\Application.h">
      <Filter>Saur\Events</Filter>
    </ClInclude>
    <ClInclude Include="src\Saur\Events\Event.h">
      <Filter>Saur\Events</Filter>
    </ClInclude>
    <ClInclude Include="src\Saur\Events\KeyEvent.h">
      <Filter>Saur\Events</Filter>
    </ClInclude>
    <ClInclude Include="src\Saur\Events\MouseEvent.h">
      <Filter>Saur\Events</Filter>
    </ClInclude>
    <ClInclude Include="src\Saur\Log.h">
      <Filter>Saur</Filter>
    </ClInclude>
  </ItemGroup>
  <ItemGroup>
    <ClCompile Include="src\Saur\Application.cpp">
      <Filter>Saur</Filter>
    </ClCompile>
    <ClCompile Include="src\Saur\Log.cpp">
      <Filter>Saur</Filter>
    </ClCompile>
  </ItemGroup>
</Project>